
Microsoft Visual Studio Solution File, Format Version 12.00
# Visual Studio 15
VisualStudioVersion = 15.0.28307.852
MinimumVisualStudioVersion = 10.0.40219.1
Project("{FAE04EC0-301F-11D3-BF4B-00C04F79EFBC}") = "Prototipat", "Prototipat\Prototipat.csproj", "{8C8D2928-52EE-423A-B534-8B6C564F5324}"
EndProject
Project("{FAE04EC0-301F-11D3-BF4B-00C04F79EFBC}") = "Dades", "Dades\Dades.csproj", "{FF6DAA49-93EB-4D8B-8514-D7239A23F6BE}"
EndProject
Project("{FAE04EC0-301F-11D3-BF4B-00C04F79EFBC}") = "Taula_opcions", "Taula_opcions\Taula_opcions.csproj", "{74BF33A0-03FF-4760-BE0C-58AEAE194035}"
EndProject
Project("{FAE04EC0-301F-11D3-BF4B-00C04F79EFBC}") = "CustomControls", "CustomControls\CustomControls.csproj", "{39674C44-38C7-48D9-9022-47D7068CB20A}"
EndProject
Global
	GlobalSection(SolutionConfigurationPlatforms) = preSolution
		Debug|Any CPU = Debug|Any CPU
		Release|Any CPU = Release|Any CPU
	EndGlobalSection
	GlobalSection(ProjectConfigurationPlatforms) = postSolution
		{8C8D2928-52EE-423A-B534-8B6C564F5324}.Debug|Any CPU.ActiveCfg = Debug|Any CPU
		{8C8D2928-52EE-423A-B534-8B6C564F5324}.Debug|Any CPU.Build.0 = Debug|Any CPU
		{8C8D2928-52EE-423A-B534-8B6C564F5324}.Release|Any CPU.ActiveCfg = Release|Any CPU
		{8C8D2928-52EE-423A-B534-8B6C564F5324}.Release|Any CPU.Build.0 = Release|Any CPU
		{FF6DAA49-93EB-4D8B-8514-D7239A23F6BE}.Debug|Any CPU.ActiveCfg = Debug|Any CPU
		{FF6DAA49-93EB-4D8B-8514-D7239A23F6BE}.Debug|Any CPU.Build.0 = Debug|Any CPU
		{FF6DAA49-93EB-4D8B-8514-D7239A23F6BE}.Release|Any CPU.ActiveCfg = Release|Any CPU
		{FF6DAA49-93EB-4D8B-8514-D7239A23F6BE}.Release|Any CPU.Build.0 = Release|Any CPU
		{74BF33A0-03FF-4760-BE0C-58AEAE194035}.Debug|Any CPU.ActiveCfg = Debug|Any CPU
		{74BF33A0-03FF-4760-BE0C-58AEAE194035}.Debug|Any CPU.Build.0 = Debug|Any CPU
		{74BF33A0-03FF-4760-BE0C-58AEAE194035}.Release|Any CPU.ActiveCfg = Release|Any CPU
		{74BF33A0-03FF-4760-BE0C-58AEAE194035}.Release|Any CPU.Build.0 = Release|Any CPU
		{39674C44-38C7-48D9-9022-47D7068CB20A}.Debug|Any CPU.ActiveCfg = Debug|Any CPU
		{39674C44-38C7-48D9-9022-47D7068CB20A}.Debug|Any CPU.Build.0 = Debug|Any CPU
		{39674C44-38C7-48D9-9022-47D7068CB20A}.Release|Any CPU.ActiveCfg = Release|Any CPU
		{39674C44-38C7-48D9-9022-47D7068CB20A}.Release|Any CPU.Build.0 = Release|Any CPU
	EndGlobalSection
	GlobalSection(SolutionProperties) = preSolution
		HideSolutionNode = FALSE
	EndGlobalSection
	GlobalSection(ExtensibilityGlobals) = postSolution
		SolutionGuid = {56598334-61E9-474B-954E-FFBE055C9D45}
	EndGlobalSection
EndGlobal
