
Microsoft Visual Studio Solution File, Format Version 12.00
# Visual Studio 15
VisualStudioVersion = 15.0.28307.852
MinimumVisualStudioVersion = 10.0.40219.1
Project("{FAE04EC0-301F-11D3-BF4B-00C04F79EFBC}") = "Prototipat", "Prototipat\Prototipat.csproj", "{8C8D2928-52EE-423A-B534-8B6C564F5324}"
EndProject
Project("{FAE04EC0-301F-11D3-BF4B-00C04F79EFBC}") = "Dades", "Dades\Dades.csproj", "{FF6DAA49-93EB-4D8B-8514-D7239A23F6BE}"
EndProject
Project("{FAE04EC0-301F-11D3-BF4B-00C04F79EFBC}") = "Taula_opcions", "Taula_opcions\Taula_opcions.csproj", "{74BF33A0-03FF-4760-BE0C-58AEAE194035}"
EndProject
Project("{FAE04EC0-301F-11D3-BF4B-00C04F79EFBC}") = "CustomControls", "CustomControls\CustomControls.csproj", "{39674C44-38C7-48D9-9022-47D7068CB20A}"
EndProject
Project("{FAE04EC0-301F-11D3-BF4B-00C04F79EFBC}") = "Base", "Base\Base.csproj", "{FDD8C3B6-B722-4731-8FB8-B93982400B05}"
EndProject
Project("{FAE04EC0-301F-11D3-BF4B-00C04F79EFBC}") = "Planets", "Planetes\Planets.csproj", "{132397BA-33C1-41B1-96A6-E0A6589D4F02}"
EndProject
Project("{FAE04EC0-301F-11D3-BF4B-00C04F79EFBC}") = "Filiations", "Filiations\Filiations.csproj", "{1CEEEF99-EC87-49F0-B1B6-36AC07055AC7}"
EndProject
Project("{FAE04EC0-301F-11D3-BF4B-00C04F79EFBC}") = "Regions", "Regions\Regions.csproj", "{A0FE52DD-3F7E-4744-BE1A-09D45C170483}"
EndProject
Project("{FAE04EC0-301F-11D3-BF4B-00C04F79EFBC}") = "Routes", "Routes\Routes.csproj", "{C772CAA7-DFC7-4CA8-B714-81032E4A76C9}"
EndProject
Project("{FAE04EC0-301F-11D3-BF4B-00C04F79EFBC}") = "RouteTypes", "RouteTypes\RouteTypes.csproj", "{0BF45866-8CAA-479A-8658-39730D0EABBB}"
EndProject
Project("{FAE04EC0-301F-11D3-BF4B-00C04F79EFBC}") = "Sectors", "Sectors\Sectors.csproj", "{552BAA20-AF17-4F10-BEB3-E62F38478122}"
EndProject
Project("{FAE04EC0-301F-11D3-BF4B-00C04F79EFBC}") = "Species", "Species\Species.csproj", "{00083BCD-992C-4FAA-881F-B4E3DB60AD06}"
EndProject
Project("{FAE04EC0-301F-11D3-BF4B-00C04F79EFBC}") = "UserCategories", "UserCategories\UserCategories.csproj", "{B6C8E78B-47AE-4EB2-8331-F16AF7E1B25D}"
EndProject
Project("{FAE04EC0-301F-11D3-BF4B-00C04F79EFBC}") = "UserRanks", "UserRanks\UserRanks.csproj", "{362DC535-725F-401A-8139-52E491673056}"
EndProject
Project("{FAE04EC0-301F-11D3-BF4B-00C04F79EFBC}") = "Users", "Users\Users.csproj", "{BD5736DA-DF9B-4BA7-8141-5243B26BA1AF}"
EndProject
Project("{FAE04EC0-301F-11D3-BF4B-00C04F79EFBC}") = "UsersFinal", "UsersFinal\UsersFinal.csproj", "{658E20A2-F20E-4D1E-A422-9F0AA7E57877}"
EndProject
Project("{FAE04EC0-301F-11D3-BF4B-00C04F79EFBC}") = "UserCategoriesFinal", "UserCategoriesFinal\UserCategoriesFinal.csproj", "{3CE07CC4-4A1D-4241-B652-0703D9712746}"
EndProject
Global
	GlobalSection(SolutionConfigurationPlatforms) = preSolution
		Debug|Any CPU = Debug|Any CPU
		Release|Any CPU = Release|Any CPU
	EndGlobalSection
	GlobalSection(ProjectConfigurationPlatforms) = postSolution
		{8C8D2928-52EE-423A-B534-8B6C564F5324}.Debug|Any CPU.ActiveCfg = Debug|Any CPU
		{8C8D2928-52EE-423A-B534-8B6C564F5324}.Debug|Any CPU.Build.0 = Debug|Any CPU
		{8C8D2928-52EE-423A-B534-8B6C564F5324}.Release|Any CPU.ActiveCfg = Release|Any CPU
		{8C8D2928-52EE-423A-B534-8B6C564F5324}.Release|Any CPU.Build.0 = Release|Any CPU
		{FF6DAA49-93EB-4D8B-8514-D7239A23F6BE}.Debug|Any CPU.ActiveCfg = Debug|Any CPU
		{FF6DAA49-93EB-4D8B-8514-D7239A23F6BE}.Debug|Any CPU.Build.0 = Debug|Any CPU
		{FF6DAA49-93EB-4D8B-8514-D7239A23F6BE}.Release|Any CPU.ActiveCfg = Release|Any CPU
		{FF6DAA49-93EB-4D8B-8514-D7239A23F6BE}.Release|Any CPU.Build.0 = Release|Any CPU
		{74BF33A0-03FF-4760-BE0C-58AEAE194035}.Debug|Any CPU.ActiveCfg = Debug|Any CPU
		{74BF33A0-03FF-4760-BE0C-58AEAE194035}.Debug|Any CPU.Build.0 = Debug|Any CPU
		{74BF33A0-03FF-4760-BE0C-58AEAE194035}.Release|Any CPU.ActiveCfg = Release|Any CPU
		{74BF33A0-03FF-4760-BE0C-58AEAE194035}.Release|Any CPU.Build.0 = Release|Any CPU
		{39674C44-38C7-48D9-9022-47D7068CB20A}.Debug|Any CPU.ActiveCfg = Debug|Any CPU
		{39674C44-38C7-48D9-9022-47D7068CB20A}.Debug|Any CPU.Build.0 = Debug|Any CPU
		{39674C44-38C7-48D9-9022-47D7068CB20A}.Release|Any CPU.ActiveCfg = Release|Any CPU
		{39674C44-38C7-48D9-9022-47D7068CB20A}.Release|Any CPU.Build.0 = Release|Any CPU
		{FDD8C3B6-B722-4731-8FB8-B93982400B05}.Debug|Any CPU.ActiveCfg = Debug|Any CPU
		{FDD8C3B6-B722-4731-8FB8-B93982400B05}.Debug|Any CPU.Build.0 = Debug|Any CPU
		{FDD8C3B6-B722-4731-8FB8-B93982400B05}.Release|Any CPU.ActiveCfg = Release|Any CPU
		{FDD8C3B6-B722-4731-8FB8-B93982400B05}.Release|Any CPU.Build.0 = Release|Any CPU
		{132397BA-33C1-41B1-96A6-E0A6589D4F02}.Debug|Any CPU.ActiveCfg = Debug|Any CPU
		{132397BA-33C1-41B1-96A6-E0A6589D4F02}.Debug|Any CPU.Build.0 = Debug|Any CPU
		{132397BA-33C1-41B1-96A6-E0A6589D4F02}.Release|Any CPU.ActiveCfg = Release|Any CPU
		{132397BA-33C1-41B1-96A6-E0A6589D4F02}.Release|Any CPU.Build.0 = Release|Any CPU
		{1CEEEF99-EC87-49F0-B1B6-36AC07055AC7}.Debug|Any CPU.ActiveCfg = Debug|Any CPU
		{1CEEEF99-EC87-49F0-B1B6-36AC07055AC7}.Debug|Any CPU.Build.0 = Debug|Any CPU
		{1CEEEF99-EC87-49F0-B1B6-36AC07055AC7}.Release|Any CPU.ActiveCfg = Release|Any CPU
		{1CEEEF99-EC87-49F0-B1B6-36AC07055AC7}.Release|Any CPU.Build.0 = Release|Any CPU
		{A0FE52DD-3F7E-4744-BE1A-09D45C170483}.Debug|Any CPU.ActiveCfg = Debug|Any CPU
		{A0FE52DD-3F7E-4744-BE1A-09D45C170483}.Debug|Any CPU.Build.0 = Debug|Any CPU
		{A0FE52DD-3F7E-4744-BE1A-09D45C170483}.Release|Any CPU.ActiveCfg = Release|Any CPU
		{A0FE52DD-3F7E-4744-BE1A-09D45C170483}.Release|Any CPU.Build.0 = Release|Any CPU
		{C772CAA7-DFC7-4CA8-B714-81032E4A76C9}.Debug|Any CPU.ActiveCfg = Debug|Any CPU
		{C772CAA7-DFC7-4CA8-B714-81032E4A76C9}.Debug|Any CPU.Build.0 = Debug|Any CPU
		{C772CAA7-DFC7-4CA8-B714-81032E4A76C9}.Release|Any CPU.ActiveCfg = Release|Any CPU
		{C772CAA7-DFC7-4CA8-B714-81032E4A76C9}.Release|Any CPU.Build.0 = Release|Any CPU
		{0BF45866-8CAA-479A-8658-39730D0EABBB}.Debug|Any CPU.ActiveCfg = Debug|Any CPU
		{0BF45866-8CAA-479A-8658-39730D0EABBB}.Debug|Any CPU.Build.0 = Debug|Any CPU
		{0BF45866-8CAA-479A-8658-39730D0EABBB}.Release|Any CPU.ActiveCfg = Release|Any CPU
		{0BF45866-8CAA-479A-8658-39730D0EABBB}.Release|Any CPU.Build.0 = Release|Any CPU
		{552BAA20-AF17-4F10-BEB3-E62F38478122}.Debug|Any CPU.ActiveCfg = Debug|Any CPU
		{552BAA20-AF17-4F10-BEB3-E62F38478122}.Debug|Any CPU.Build.0 = Debug|Any CPU
		{552BAA20-AF17-4F10-BEB3-E62F38478122}.Release|Any CPU.ActiveCfg = Release|Any CPU
		{552BAA20-AF17-4F10-BEB3-E62F38478122}.Release|Any CPU.Build.0 = Release|Any CPU
		{00083BCD-992C-4FAA-881F-B4E3DB60AD06}.Debug|Any CPU.ActiveCfg = Debug|Any CPU
		{00083BCD-992C-4FAA-881F-B4E3DB60AD06}.Debug|Any CPU.Build.0 = Debug|Any CPU
		{00083BCD-992C-4FAA-881F-B4E3DB60AD06}.Release|Any CPU.ActiveCfg = Release|Any CPU
		{00083BCD-992C-4FAA-881F-B4E3DB60AD06}.Release|Any CPU.Build.0 = Release|Any CPU
		{B6C8E78B-47AE-4EB2-8331-F16AF7E1B25D}.Debug|Any CPU.ActiveCfg = Debug|Any CPU
		{B6C8E78B-47AE-4EB2-8331-F16AF7E1B25D}.Debug|Any CPU.Build.0 = Debug|Any CPU
		{B6C8E78B-47AE-4EB2-8331-F16AF7E1B25D}.Release|Any CPU.ActiveCfg = Release|Any CPU
		{B6C8E78B-47AE-4EB2-8331-F16AF7E1B25D}.Release|Any CPU.Build.0 = Release|Any CPU
		{362DC535-725F-401A-8139-52E491673056}.Debug|Any CPU.ActiveCfg = Debug|Any CPU
		{362DC535-725F-401A-8139-52E491673056}.Debug|Any CPU.Build.0 = Debug|Any CPU
		{362DC535-725F-401A-8139-52E491673056}.Release|Any CPU.ActiveCfg = Release|Any CPU
		{362DC535-725F-401A-8139-52E491673056}.Release|Any CPU.Build.0 = Release|Any CPU
		{BD5736DA-DF9B-4BA7-8141-5243B26BA1AF}.Debug|Any CPU.ActiveCfg = Debug|Any CPU
		{BD5736DA-DF9B-4BA7-8141-5243B26BA1AF}.Debug|Any CPU.Build.0 = Debug|Any CPU
		{BD5736DA-DF9B-4BA7-8141-5243B26BA1AF}.Release|Any CPU.ActiveCfg = Release|Any CPU
		{BD5736DA-DF9B-4BA7-8141-5243B26BA1AF}.Release|Any CPU.Build.0 = Release|Any CPU
		{658E20A2-F20E-4D1E-A422-9F0AA7E57877}.Debug|Any CPU.ActiveCfg = Debug|Any CPU
		{658E20A2-F20E-4D1E-A422-9F0AA7E57877}.Debug|Any CPU.Build.0 = Debug|Any CPU
		{658E20A2-F20E-4D1E-A422-9F0AA7E57877}.Release|Any CPU.ActiveCfg = Release|Any CPU
		{658E20A2-F20E-4D1E-A422-9F0AA7E57877}.Release|Any CPU.Build.0 = Release|Any CPU
		{3CE07CC4-4A1D-4241-B652-0703D9712746}.Debug|Any CPU.ActiveCfg = Debug|Any CPU
		{3CE07CC4-4A1D-4241-B652-0703D9712746}.Debug|Any CPU.Build.0 = Debug|Any CPU
		{3CE07CC4-4A1D-4241-B652-0703D9712746}.Release|Any CPU.ActiveCfg = Release|Any CPU
		{3CE07CC4-4A1D-4241-B652-0703D9712746}.Release|Any CPU.Build.0 = Release|Any CPU
	EndGlobalSection
	GlobalSection(SolutionProperties) = preSolution
		HideSolutionNode = FALSE
	EndGlobalSection
	GlobalSection(ExtensibilityGlobals) = postSolution
		SolutionGuid = {56598334-61E9-474B-954E-FFBE055C9D45}
	EndGlobalSection
EndGlobal
